
Microsoft Visual Studio Solution File, Format Version 12.00
# Visual Studio Version 16
VisualStudioVersion = 16.0.29709.97
MinimumVisualStudioVersion = 10.0.40219.1
Project("{FAE04EC0-301F-11D3-BF4B-00C04F79EFBC}") = "GuildCars.UI", "GuildCars.UI\GuildCars.UI.csproj", "{466333CF-A1DC-44E6-B50E-39E8C00A9900}"
EndProject
Project("{FAE04EC0-301F-11D3-BF4B-00C04F79EFBC}") = "GuildCars.Models", "GuildCars.Models\GuildCars.Models.csproj", "{99134DEB-581A-4D17-99C0-1F8483EB76E6}"
EndProject
Project("{FAE04EC0-301F-11D3-BF4B-00C04F79EFBC}") = "GuildCars.Data", "GuildCars.Data\GuildCars.Data.csproj", "{877B4E90-A32C-4CBC-A258-60A4ADCC2C72}"
EndProject
Project("{FAE04EC0-301F-11D3-BF4B-00C04F79EFBC}") = "GuildCars.Tests", "GuildCars.Tests\GuildCars.Tests.csproj", "{BBF50E7F-C814-4DDB-9C80-94A919463716}"
EndProject
Global
	GlobalSection(SolutionConfigurationPlatforms) = preSolution
		Debug|Any CPU = Debug|Any CPU
		Release|Any CPU = Release|Any CPU
	EndGlobalSection
	GlobalSection(ProjectConfigurationPlatforms) = postSolution
		{466333CF-A1DC-44E6-B50E-39E8C00A9900}.Debug|Any CPU.ActiveCfg = Debug|Any CPU
		{466333CF-A1DC-44E6-B50E-39E8C00A9900}.Debug|Any CPU.Build.0 = Debug|Any CPU
		{466333CF-A1DC-44E6-B50E-39E8C00A9900}.Release|Any CPU.ActiveCfg = Release|Any CPU
		{466333CF-A1DC-44E6-B50E-39E8C00A9900}.Release|Any CPU.Build.0 = Release|Any CPU
		{99134DEB-581A-4D17-99C0-1F8483EB76E6}.Debug|Any CPU.ActiveCfg = Debug|Any CPU
		{99134DEB-581A-4D17-99C0-1F8483EB76E6}.Debug|Any CPU.Build.0 = Debug|Any CPU
		{99134DEB-581A-4D17-99C0-1F8483EB76E6}.Release|Any CPU.ActiveCfg = Release|Any CPU
		{99134DEB-581A-4D17-99C0-1F8483EB76E6}.Release|Any CPU.Build.0 = Release|Any CPU
		{877B4E90-A32C-4CBC-A258-60A4ADCC2C72}.Debug|Any CPU.ActiveCfg = Debug|Any CPU
		{877B4E90-A32C-4CBC-A258-60A4ADCC2C72}.Debug|Any CPU.Build.0 = Debug|Any CPU
		{877B4E90-A32C-4CBC-A258-60A4ADCC2C72}.Release|Any CPU.ActiveCfg = Release|Any CPU
		{877B4E90-A32C-4CBC-A258-60A4ADCC2C72}.Release|Any CPU.Build.0 = Release|Any CPU
		{BBF50E7F-C814-4DDB-9C80-94A919463716}.Debug|Any CPU.ActiveCfg = Debug|Any CPU
		{BBF50E7F-C814-4DDB-9C80-94A919463716}.Debug|Any CPU.Build.0 = Debug|Any CPU
		{BBF50E7F-C814-4DDB-9C80-94A919463716}.Release|Any CPU.ActiveCfg = Release|Any CPU
		{BBF50E7F-C814-4DDB-9C80-94A919463716}.Release|Any CPU.Build.0 = Release|Any CPU
	EndGlobalSection
	GlobalSection(SolutionProperties) = preSolution
		HideSolutionNode = FALSE
	EndGlobalSection
	GlobalSection(ExtensibilityGlobals) = postSolution
		SolutionGuid = {8DEEE116-6284-484D-9D15-98D21FEFCF56}
	EndGlobalSection
EndGlobal
