
Microsoft Visual Studio Solution File, Format Version 12.00
# Visual Studio Version 16
VisualStudioVersion = 16.0.29709.97
MinimumVisualStudioVersion = 10.0.40219.1
Project("{FAE04EC0-301F-11D3-BF4B-00C04F79EFBC}") = "FOS.UI", "FOS.UI\FOS.UI.csproj", "{A070590C-F999-409D-8D52-1162ED08B69E}"
EndProject
Project("{FAE04EC0-301F-11D3-BF4B-00C04F79EFBC}") = "FOS.Models", "FOS.Models\FOS.Models.csproj", "{B318938E-F5CD-4714-8E21-B6D9766692CA}"
EndProject
Project("{FAE04EC0-301F-11D3-BF4B-00C04F79EFBC}") = "FOS.BLL", "FOS.BLL\FOS.BLL.csproj", "{14141531-D02F-4B3D-AF1A-2EF5AF020092}"
EndProject
Project("{FAE04EC0-301F-11D3-BF4B-00C04F79EFBC}") = "FOS.Data", "FOS.Data\FOS.Data.csproj", "{14962FD6-069F-464C-BC93-B83B90B24588}"
EndProject
Project("{FAE04EC0-301F-11D3-BF4B-00C04F79EFBC}") = "FOS.Tests", "FOS.Tests\FOS.Tests.csproj", "{164999CE-7D87-4C49-82BB-EB224D5E7268}"
EndProject
Global
	GlobalSection(SolutionConfigurationPlatforms) = preSolution
		Debug|Any CPU = Debug|Any CPU
		Release|Any CPU = Release|Any CPU
	EndGlobalSection
	GlobalSection(ProjectConfigurationPlatforms) = postSolution
		{A070590C-F999-409D-8D52-1162ED08B69E}.Debug|Any CPU.ActiveCfg = Debug|Any CPU
		{A070590C-F999-409D-8D52-1162ED08B69E}.Debug|Any CPU.Build.0 = Debug|Any CPU
		{A070590C-F999-409D-8D52-1162ED08B69E}.Release|Any CPU.ActiveCfg = Release|Any CPU
		{A070590C-F999-409D-8D52-1162ED08B69E}.Release|Any CPU.Build.0 = Release|Any CPU
		{B318938E-F5CD-4714-8E21-B6D9766692CA}.Debug|Any CPU.ActiveCfg = Debug|Any CPU
		{B318938E-F5CD-4714-8E21-B6D9766692CA}.Debug|Any CPU.Build.0 = Debug|Any CPU
		{B318938E-F5CD-4714-8E21-B6D9766692CA}.Release|Any CPU.ActiveCfg = Release|Any CPU
		{B318938E-F5CD-4714-8E21-B6D9766692CA}.Release|Any CPU.Build.0 = Release|Any CPU
		{14141531-D02F-4B3D-AF1A-2EF5AF020092}.Debug|Any CPU.ActiveCfg = Debug|Any CPU
		{14141531-D02F-4B3D-AF1A-2EF5AF020092}.Debug|Any CPU.Build.0 = Debug|Any CPU
		{14141531-D02F-4B3D-AF1A-2EF5AF020092}.Release|Any CPU.ActiveCfg = Release|Any CPU
		{14141531-D02F-4B3D-AF1A-2EF5AF020092}.Release|Any CPU.Build.0 = Release|Any CPU
		{14962FD6-069F-464C-BC93-B83B90B24588}.Debug|Any CPU.ActiveCfg = Debug|Any CPU
		{14962FD6-069F-464C-BC93-B83B90B24588}.Debug|Any CPU.Build.0 = Debug|Any CPU
		{14962FD6-069F-464C-BC93-B83B90B24588}.Release|Any CPU.ActiveCfg = Release|Any CPU
		{14962FD6-069F-464C-BC93-B83B90B24588}.Release|Any CPU.Build.0 = Release|Any CPU
		{164999CE-7D87-4C49-82BB-EB224D5E7268}.Debug|Any CPU.ActiveCfg = Debug|Any CPU
		{164999CE-7D87-4C49-82BB-EB224D5E7268}.Debug|Any CPU.Build.0 = Debug|Any CPU
		{164999CE-7D87-4C49-82BB-EB224D5E7268}.Release|Any CPU.ActiveCfg = Release|Any CPU
		{164999CE-7D87-4C49-82BB-EB224D5E7268}.Release|Any CPU.Build.0 = Release|Any CPU
	EndGlobalSection
	GlobalSection(SolutionProperties) = preSolution
		HideSolutionNode = FALSE
	EndGlobalSection
	GlobalSection(ExtensibilityGlobals) = postSolution
		SolutionGuid = {490B289A-F392-461F-85B5-67D0A7DC2B42}
	EndGlobalSection
EndGlobal
